// !$*UTF8*$!
{
	archiveVersion = 1;
	classes = {
	};
	objectVersion = 51;
	objects = {

/* Begin PBXBuildFile section */
		2619A2039BBF0564BCC09133 /* Pods_Semana10.framework in Frameworks */ = {isa = PBXBuildFile; fileRef = 388C883779D057409D0AEAAC /* Pods_Semana10.framework */; };
		7D83926526562D6B000134BF /* AppDelegate.swift in Sources */ = {isa = PBXBuildFile; fileRef = 7D83926426562D6B000134BF /* AppDelegate.swift */; };
		7D83926726562D6B000134BF /* SceneDelegate.swift in Sources */ = {isa = PBXBuildFile; fileRef = 7D83926626562D6B000134BF /* SceneDelegate.swift */; };
		7D83926926562D6B000134BF /* ViewController.swift in Sources */ = {isa = PBXBuildFile; fileRef = 7D83926826562D6B000134BF /* ViewController.swift */; };
		7D83926C26562D6B000134BF /* Main.storyboard in Resources */ = {isa = PBXBuildFile; fileRef = 7D83926A26562D6B000134BF /* Main.storyboard */; };
		7D83926E26562D82000134BF /* Assets.xcassets in Resources */ = {isa = PBXBuildFile; fileRef = 7D83926D26562D82000134BF /* Assets.xcassets */; };
		7D83927126562D82000134BF /* LaunchScreen.storyboard in Resources */ = {isa = PBXBuildFile; fileRef = 7D83926F26562D82000134BF /* LaunchScreen.storyboard */; };
		7D83927926563434000134BF /* GoogleService-Info.plist in Resources */ = {isa = PBXBuildFile; fileRef = 7D83927826563434000134BF /* GoogleService-Info.plist */; };
		7D83927B26563E62000134BF /* LoginViewController.swift in Sources */ = {isa = PBXBuildFile; fileRef = 7D83927A26563E62000134BF /* LoginViewController.swift */; };
		7D83927D2656BD81000134BF /* HomeStoryboard.storyboard in Resources */ = {isa = PBXBuildFile; fileRef = 7D83927C2656BD81000134BF /* HomeStoryboard.storyboard */; };
		7D83927F265F49F2000134BF /* Profile.storyboard in Resources */ = {isa = PBXBuildFile; fileRef = 7D83927E265F49F2000134BF /* Profile.storyboard */; };
/* End PBXBuildFile section */

/* Begin PBXFileReference section */
		15C40829E3289D099F9D63C9 /* Pods-Semana10.release.xcconfig */ = {isa = PBXFileReference; includeInIndex = 1; lastKnownFileType = text.xcconfig; name = "Pods-Semana10.release.xcconfig"; path = "Target Support Files/Pods-Semana10/Pods-Semana10.release.xcconfig"; sourceTree = "<group>"; };
		388C883779D057409D0AEAAC /* Pods_Semana10.framework */ = {isa = PBXFileReference; explicitFileType = wrapper.framework; includeInIndex = 0; path = Pods_Semana10.framework; sourceTree = BUILT_PRODUCTS_DIR; };
		7CEDD51DB3B460E0084268C7 /* Pods-Semana10.debug.xcconfig */ = {isa = PBXFileReference; includeInIndex = 1; lastKnownFileType = text.xcconfig; name = "Pods-Semana10.debug.xcconfig"; path = "Target Support Files/Pods-Semana10/Pods-Semana10.debug.xcconfig"; sourceTree = "<group>"; };
		7D83926126562D6B000134BF /* Semana10.app */ = {isa = PBXFileReference; explicitFileType = wrapper.application; includeInIndex = 0; path = Semana10.app; sourceTree = BUILT_PRODUCTS_DIR; };
		7D83926426562D6B000134BF /* AppDelegate.swift */ = {isa = PBXFileReference; lastKnownFileType = sourcecode.swift; path = AppDelegate.swift; sourceTree = "<group>"; };
		7D83926626562D6B000134BF /* SceneDelegate.swift */ = {isa = PBXFileReference; lastKnownFileType = sourcecode.swift; path = SceneDelegate.swift; sourceTree = "<group>"; };
		7D83926826562D6B000134BF /* ViewController.swift */ = {isa = PBXFileReference; lastKnownFileType = sourcecode.swift; path = ViewController.swift; sourceTree = "<group>"; };
		7D83926B26562D6B000134BF /* Base */ = {isa = PBXFileReference; lastKnownFileType = file.storyboard; name = Base; path = Base.lproj/Main.storyboard; sourceTree = "<group>"; };
		7D83926D26562D82000134BF /* Assets.xcassets */ = {isa = PBXFileReference; lastKnownFileType = folder.assetcatalog; path = Assets.xcassets; sourceTree = "<group>"; };
		7D83927026562D82000134BF /* Base */ = {isa = PBXFileReference; lastKnownFileType = file.storyboard; name = Base; path = Base.lproj/LaunchScreen.storyboard; sourceTree = "<group>"; };
		7D83927226562D82000134BF /* Info.plist */ = {isa = PBXFileReference; lastKnownFileType = text.plist.xml; path = Info.plist; sourceTree = "<group>"; };
		7D83927826563434000134BF /* GoogleService-Info.plist */ = {isa = PBXFileReference; fileEncoding = 4; lastKnownFileType = text.plist.xml; path = "GoogleService-Info.plist"; sourceTree = "<group>"; };
		7D83927A26563E62000134BF /* LoginViewController.swift */ = {isa = PBXFileReference; lastKnownFileType = sourcecode.swift; path = LoginViewController.swift; sourceTree = "<group>"; };
		7D83927C2656BD81000134BF /* HomeStoryboard.storyboard */ = {isa = PBXFileReference; lastKnownFileType = file.storyboard; path = HomeStoryboard.storyboard; sourceTree = "<group>"; };
		7D83927E265F49F2000134BF /* Profile.storyboard */ = {isa = PBXFileReference; lastKnownFileType = file.storyboard; path = Profile.storyboard; sourceTree = "<group>"; };
/* End PBXFileReference section */

/* Begin PBXFrameworksBuildPhase section */
		7D83925E26562D6B000134BF /* Frameworks */ = {
			isa = PBXFrameworksBuildPhase;
			buildActionMask = 2147483647;
			files = (
				2619A2039BBF0564BCC09133 /* Pods_Semana10.framework in Frameworks */,
			);
			runOnlyForDeploymentPostprocessing = 0;
		};
/* End PBXFrameworksBuildPhase section */

/* Begin PBXGroup section */
		495D81A9BB6D82A334492EF3 /* Pods */ = {
			isa = PBXGroup;
			children = (
				7CEDD51DB3B460E0084268C7 /* Pods-Semana10.debug.xcconfig */,
				15C40829E3289D099F9D63C9 /* Pods-Semana10.release.xcconfig */,
			);
			path = Pods;
			sourceTree = "<group>";
		};
		7D83925826562D6B000134BF = {
			isa = PBXGroup;
			children = (
				7D83926326562D6B000134BF /* Semana10 */,
				7D83926226562D6B000134BF /* Products */,
				495D81A9BB6D82A334492EF3 /* Pods */,
				8A9419CCF07A7D13FC03E430 /* Frameworks */,
			);
			sourceTree = "<group>";
		};
		7D83926226562D6B000134BF /* Products */ = {
			isa = PBXGroup;
			children = (
				7D83926126562D6B000134BF /* Semana10.app */,
			);
			name = Products;
			sourceTree = "<group>";
		};
		7D83926326562D6B000134BF /* Semana10 */ = {
			isa = PBXGroup;
			children = (
				7D83927826563434000134BF /* GoogleService-Info.plist */,
				7D83926426562D6B000134BF /* AppDelegate.swift */,
				7D83926626562D6B000134BF /* SceneDelegate.swift */,
				7D83926826562D6B000134BF /* ViewController.swift */,
				7D83926A26562D6B000134BF /* Main.storyboard */,
				7D83926D26562D82000134BF /* Assets.xcassets */,
				7D83926F26562D82000134BF /* LaunchScreen.storyboard */,
				7D83927226562D82000134BF /* Info.plist */,
				7D83927A26563E62000134BF /* LoginViewController.swift */,
				7D83927C2656BD81000134BF /* HomeStoryboard.storyboard */,
				7D83927E265F49F2000134BF /* Profile.storyboard */,
			);
			path = Semana10;
			sourceTree = "<group>";
		};
		8A9419CCF07A7D13FC03E430 /* Frameworks */ = {
			isa = PBXGroup;
			children = (
				388C883779D057409D0AEAAC /* Pods_Semana10.framework */,
			);
			name = Frameworks;
			sourceTree = "<group>";
		};
/* End PBXGroup section */

/* Begin PBXNativeTarget section */
		7D83926026562D6B000134BF /* Semana10 */ = {
			isa = PBXNativeTarget;
			buildConfigurationList = 7D83927526562D82000134BF /* Build configuration list for PBXNativeTarget "Semana10" */;
			buildPhases = (
				BA087604C9E1C012C0EB1358 /* [CP] Check Pods Manifest.lock */,
				7D83925D26562D6B000134BF /* Sources */,
				7D83925E26562D6B000134BF /* Frameworks */,
				7D83925F26562D6B000134BF /* Resources */,
				D34C9EBB4BFCF2C975132084 /* [CP] Embed Pods Frameworks */,
			);
			buildRules = (
			);
			dependencies = (
			);
			name = Semana10;
			productName = Semana10;
			productReference = 7D83926126562D6B000134BF /* Semana10.app */;
			productType = "com.apple.product-type.application";
		};
/* End PBXNativeTarget section */

/* Begin PBXProject section */
		7D83925926562D6B000134BF /* Project object */ = {
			isa = PBXProject;
			attributes = {
				LastSwiftUpdateCheck = 1250;
				LastUpgradeCheck = 1250;
				TargetAttributes = {
					7D83926026562D6B000134BF = {
						CreatedOnToolsVersion = 12.5;
					};
				};
			};
			buildConfigurationList = 7D83925C26562D6B000134BF /* Build configuration list for PBXProject "Semana10" */;
			compatibilityVersion = "Xcode 9.3";
			developmentRegion = en;
			hasScannedForEncodings = 0;
			knownRegions = (
				en,
				Base,
			);
			mainGroup = 7D83925826562D6B000134BF;
			productRefGroup = 7D83926226562D6B000134BF /* Products */;
			projectDirPath = "";
			projectRoot = "";
			targets = (
				7D83926026562D6B000134BF /* Semana10 */,
			);
		};
/* End PBXProject section */

/* Begin PBXResourcesBuildPhase section */
		7D83925F26562D6B000134BF /* Resources */ = {
			isa = PBXResourcesBuildPhase;
			buildActionMask = 2147483647;
			files = (
				7D83927F265F49F2000134BF /* Profile.storyboard in Resources */,
				7D83927126562D82000134BF /* LaunchScreen.storyboard in Resources */,
				7D83927926563434000134BF /* GoogleService-Info.plist in Resources */,
				7D83926E26562D82000134BF /* Assets.xcassets in Resources */,
				7D83926C26562D6B000134BF /* Main.storyboard in Resources */,
				7D83927D2656BD81000134BF /* HomeStoryboard.storyboard in Resources */,
			);
			runOnlyForDeploymentPostprocessing = 0;
		};
/* End PBXResourcesBuildPhase section */

/* Begin PBXShellScriptBuildPhase section */
		BA087604C9E1C012C0EB1358 /* [CP] Check Pods Manifest.lock */ = {
			isa = PBXShellScriptBuildPhase;
			buildActionMask = 2147483647;
			files = (
			);
			inputFileListPaths = (
			);
			inputPaths = (
				"${PODS_PODFILE_DIR_PATH}/Podfile.lock",
				"${PODS_ROOT}/Manifest.lock",
			);
			name = "[CP] Check Pods Manifest.lock";
			outputFileListPaths = (
			);
			outputPaths = (
				"$(DERIVED_FILE_DIR)/Pods-Semana10-checkManifestLockResult.txt",
			);
			runOnlyForDeploymentPostprocessing = 0;
			shellPath = /bin/sh;
			shellScript = "diff \"${PODS_PODFILE_DIR_PATH}/Podfile.lock\" \"${PODS_ROOT}/Manifest.lock\" > /dev/null\nif [ $? != 0 ] ; then\n    # print error to STDERR\n    echo \"error: The sandbox is not in sync with the Podfile.lock. Run 'pod install' or update your CocoaPods installation.\" >&2\n    exit 1\nfi\n# This output is used by Xcode 'outputs' to avoid re-running this script phase.\necho \"SUCCESS\" > \"${SCRIPT_OUTPUT_FILE_0}\"\n";
			showEnvVarsInLog = 0;
		};
		D34C9EBB4BFCF2C975132084 /* [CP] Embed Pods Frameworks */ = {
			isa = PBXShellScriptBuildPhase;
			buildActionMask = 2147483647;
			files = (
			);
			inputFileListPaths = (
				"${PODS_ROOT}/Target Support Files/Pods-Semana10/Pods-Semana10-frameworks-${CONFIGURATION}-input-files.xcfilelist",
			);
			name = "[CP] Embed Pods Frameworks";
			outputFileListPaths = (
				"${PODS_ROOT}/Target Support Files/Pods-Semana10/Pods-Semana10-frameworks-${CONFIGURATION}-output-files.xcfilelist",
			);
			runOnlyForDeploymentPostprocessing = 0;
			shellPath = /bin/sh;
			shellScript = "\"${PODS_ROOT}/Target Support Files/Pods-Semana10/Pods-Semana10-frameworks.sh\"\n";
			showEnvVarsInLog = 0;
		};
/* End PBXShellScriptBuildPhase section */

/* Begin PBXSourcesBuildPhase section */
		7D83925D26562D6B000134BF /* Sources */ = {
			isa = PBXSourcesBuildPhase;
			buildActionMask = 2147483647;
			files = (
				7D83927B26563E62000134BF /* LoginViewController.swift in Sources */,
				7D83926926562D6B000134BF /* ViewController.swift in Sources */,
				7D83926526562D6B000134BF /* AppDelegate.swift in Sources */,
				7D83926726562D6B000134BF /* SceneDelegate.swift in Sources */,
			);
			runOnlyForDeploymentPostprocessing = 0;
		};
/* End PBXSourcesBuildPhase section */

/* Begin PBXVariantGroup section */
		7D83926A26562D6B000134BF /* Main.storyboard */ = {
			isa = PBXVariantGroup;
			children = (
				7D83926B26562D6B000134BF /* Base */,
			);
			name = Main.storyboard;
			sourceTree = "<group>";
		};
		7D83926F26562D82000134BF /* LaunchScreen.storyboard */ = {
			isa = PBXVariantGroup;
			children = (
				7D83927026562D82000134BF /* Base */,
			);
			name = LaunchScreen.storyboard;
			sourceTree = "<group>";
		};
/* End PBXVariantGroup section */

/* Begin XCBuildConfiguration section */
		7D83927326562D82000134BF /* Debug */ = {
			isa = XCBuildConfiguration;
			buildSettings = {
				ALWAYS_SEARCH_USER_PATHS = NO;
				CLANG_ANALYZER_NONNULL = YES;
				CLANG_ANALYZER_NUMBER_OBJECT_CONVERSION = YES_AGGRESSIVE;
				CLANG_CXX_LANGUAGE_STANDARD = "gnu++14";
				CLANG_CXX_LIBRARY = "libc++";
				CLANG_ENABLE_MODULES = YES;
				CLANG_ENABLE_OBJC_ARC = YES;
				CLANG_ENABLE_OBJC_WEAK = YES;
				CLANG_WARN_BLOCK_CAPTURE_AUTORELEASING = YES;
				CLANG_WARN_BOOL_CONVERSION = YES;
				CLANG_WARN_COMMA = YES;
				CLANG_WARN_CONSTANT_CONVERSION = YES;
				CLANG_WARN_DEPRECATED_OBJC_IMPLEMENTATIONS = YES;
				CLANG_WARN_DIRECT_OBJC_ISA_USAGE = YES_ERROR;
				CLANG_WARN_DOCUMENTATION_COMMENTS = YES;
				CLANG_WARN_EMPTY_BODY = YES;
				CLANG_WARN_ENUM_CONVERSION = YES;
				CLANG_WARN_INFINITE_RECURSION = YES;
				CLANG_WARN_INT_CONVERSION = YES;
				CLANG_WARN_NON_LITERAL_NULL_CONVERSION = YES;
				CLANG_WARN_OBJC_IMPLICIT_RETAIN_SELF = YES;
				CLANG_WARN_OBJC_LITERAL_CONVERSION = YES;
				CLANG_WARN_OBJC_ROOT_CLASS = YES_ERROR;
				CLANG_WARN_QUOTED_INCLUDE_IN_FRAMEWORK_HEADER = YES;
				CLANG_WARN_RANGE_LOOP_ANALYSIS = YES;
				CLANG_WARN_STRICT_PROTOTYPES = YES;
				CLANG_WARN_SUSPICIOUS_MOVE = YES;
				CLANG_WARN_UNGUARDED_AVAILABILITY = YES_AGGRESSIVE;
				CLANG_WARN_UNREACHABLE_CODE = YES;
				CLANG_WARN__DUPLICATE_METHOD_MATCH = YES;
				COPY_PHASE_STRIP = NO;
				DEBUG_INFORMATION_FORMAT = dwarf;
				ENABLE_STRICT_OBJC_MSGSEND = YES;
				ENABLE_TESTABILITY = YES;
				GCC_C_LANGUAGE_STANDARD = gnu11;
				GCC_DYNAMIC_NO_PIC = NO;
				GCC_NO_COMMON_BLOCKS = YES;
				GCC_OPTIMIZATION_LEVEL = 0;
				GCC_PREPROCESSOR_DEFINITIONS = (
					"DEBUG=1",
					"$(inherited)",
				);
				GCC_WARN_64_TO_32_BIT_CONVERSION = YES;
				GCC_WARN_ABOUT_RETURN_TYPE = YES_ERROR;
				GCC_WARN_UNDECLARED_SELECTOR = YES;
				GCC_WARN_UNINITIALIZED_AUTOS = YES_AGGRESSIVE;
				GCC_WARN_UNUSED_FUNCTION = YES;
				GCC_WARN_UNUSED_VARIABLE = YES;
				IPHONEOS_DEPLOYMENT_TARGET = 14.5;
				MTL_ENABLE_DEBUG_INFO = INCLUDE_SOURCE;
				MTL_FAST_MATH = YES;
				ONLY_ACTIVE_ARCH = YES;
				SDKROOT = iphoneos;
				SWIFT_ACTIVE_COMPILATION_CONDITIONS = DEBUG;
				SWIFT_OPTIMIZATION_LEVEL = "-Onone";
			};
			name = Debug;
		};
		7D83927426562D82000134BF /* Release */ = {
			isa = XCBuildConfiguration;
			buildSettings = {
				ALWAYS_SEARCH_USER_PATHS = NO;
				CLANG_ANALYZER_NONNULL = YES;
				CLANG_ANALYZER_NUMBER_OBJECT_CONVERSION = YES_AGGRESSIVE;
				CLANG_CXX_LANGUAGE_STANDARD = "gnu++14";
				CLANG_CXX_LIBRARY = "libc++";
				CLANG_ENABLE_MODULES = YES;
				CLANG_ENABLE_OBJC_ARC = YES;
				CLANG_ENABLE_OBJC_WEAK = YES;
				CLANG_WARN_BLOCK_CAPTURE_AUTORELEASING = YES;
				CLANG_WARN_BOOL_CONVERSION = YES;
				CLANG_WARN_COMMA = YES;
				CLANG_WARN_CONSTANT_CONVERSION = YES;
				CLANG_WARN_DEPRECATED_OBJC_IMPLEMENTATIONS = YES;
				CLANG_WARN_DIRECT_OBJC_ISA_USAGE = YES_ERROR;
				CLANG_WARN_DOCUMENTATION_COMMENTS = YES;
				CLANG_WARN_EMPTY_BODY = YES;
				CLANG_WARN_ENUM_CONVERSION = YES;
				CLANG_WARN_INFINITE_RECURSION = YES;
				CLANG_WARN_INT_CONVERSION = YES;
				CLANG_WARN_NON_LITERAL_NULL_CONVERSION = YES;
				CLANG_WARN_OBJC_IMPLICIT_RETAIN_SELF = YES;
				CLANG_WARN_OBJC_LITERAL_CONVERSION = YES;
				CLANG_WARN_OBJC_ROOT_CLASS = YES_ERROR;
				CLANG_WARN_QUOTED_INCLUDE_IN_FRAMEWORK_HEADER = YES;
				CLANG_WARN_RANGE_LOOP_ANALYSIS = YES;
				CLANG_WARN_STRICT_PROTOTYPES = YES;
				CLANG_WARN_SUSPICIOUS_MOVE = YES;
				CLANG_WARN_UNGUARDED_AVAILABILITY = YES_AGGRESSIVE;
				CLANG_WARN_UNREACHABLE_CODE = YES;
				CLANG_WARN__DUPLICATE_METHOD_MATCH = YES;
				COPY_PHASE_STRIP = NO;
				DEBUG_INFORMATION_FORMAT = "dwarf-with-dsym";
				ENABLE_NS_ASSERTIONS = NO;
				ENABLE_STRICT_OBJC_MSGSEND = YES;
				GCC_C_LANGUAGE_STANDARD = gnu11;
				GCC_NO_COMMON_BLOCKS = YES;
				GCC_WARN_64_TO_32_BIT_CONVERSION = YES;
				GCC_WARN_ABOUT_RETURN_TYPE = YES_ERROR;
				GCC_WARN_UNDECLARED_SELECTOR = YES;
				GCC_WARN_UNINITIALIZED_AUTOS = YES_AGGRESSIVE;
				GCC_WARN_UNUSED_FUNCTION = YES;
				GCC_WARN_UNUSED_VARIABLE = YES;
				IPHONEOS_DEPLOYMENT_TARGET = 14.5;
				MTL_ENABLE_DEBUG_INFO = NO;
				MTL_FAST_MATH = YES;
				SDKROOT = iphoneos;
				SWIFT_COMPILATION_MODE = wholemodule;
				SWIFT_OPTIMIZATION_LEVEL = "-O";
				VALIDATE_PRODUCT = YES;
			};
			name = Release;
		};
		7D83927626562D82000134BF /* Debug */ = {
			isa = XCBuildConfiguration;
			baseConfigurationReference = 7CEDD51DB3B460E0084268C7 /* Pods-Semana10.debug.xcconfig */;
			buildSettings = {
				ASSETCATALOG_COMPILER_APPICON_NAME = AppIcon;
				ASSETCATALOG_COMPILER_GLOBAL_ACCENT_COLOR_NAME = AccentColor;
				CODE_SIGN_STYLE = Automatic;
				DEVELOPMENT_TEAM = M5ZUDJB9B9;
				INFOPLIST_FILE = Semana10/Info.plist;
				LD_RUNPATH_SEARCH_PATHS = (
					"$(inherited)",
					"@executable_path/Frameworks",
				);
				PRODUCT_BUNDLE_IDENTIFIER = com.tecsup.Semana10;
				PRODUCT_NAME = "$(TARGET_NAME)";
				SWIFT_VERSION = 5.0;
				TARGETED_DEVICE_FAMILY = "1,2";
			};
			name = Debug;
		};
		7D83927726562D82000134BF /* Release */ = {
			isa = XCBuildConfiguration;
			baseConfigurationReference = 15C40829E3289D099F9D63C9 /* Pods-Semana10.release.xcconfig */;
			buildSettings = {
				ASSETCATALOG_COMPILER_APPICON_NAME = AppIcon;
				ASSETCATALOG_COMPILER_GLOBAL_ACCENT_COLOR_NAME = AccentColor;
				CODE_SIGN_STYLE = Automatic;
				DEVELOPMENT_TEAM = M5ZUDJB9B9;
				INFOPLIST_FILE = Semana10/Info.plist;
				LD_RUNPATH_SEARCH_PATHS = (
					"$(inherited)",
					"@executable_path/Frameworks",
				);
				PRODUCT_BUNDLE_IDENTIFIER = com.tecsup.Semana10;
				PRODUCT_NAME = "$(TARGET_NAME)";
				SWIFT_VERSION = 5.0;
				TARGETED_DEVICE_FAMILY = "1,2";
			};
			name = Release;
		};
/* End XCBuildConfiguration section */

/* Begin XCConfigurationList section */
		7D83925C26562D6B000134BF /* Build configuration list for PBXProject "Semana10" */ = {
			isa = XCConfigurationList;
			buildConfigurations = (
				7D83927326562D82000134BF /* Debug */,
				7D83927426562D82000134BF /* Release */,
			);
			defaultConfigurationIsVisible = 0;
			defaultConfigurationName = Release;
		};
		7D83927526562D82000134BF /* Build configuration list for PBXNativeTarget "Semana10" */ = {
			isa = XCConfigurationList;
			buildConfigurations = (
				7D83927626562D82000134BF /* Debug */,
				7D83927726562D82000134BF /* Release */,
			);
			defaultConfigurationIsVisible = 0;
			defaultConfigurationName = Release;
		};
/* End XCConfigurationList section */
	};
	rootObject = 7D83925926562D6B000134BF /* Project object */;
}
